
Microsoft Visual Studio Solution File, Format Version 12.00
# Visual Studio 15
VisualStudioVersion = 15.0.27004.2010
MinimumVisualStudioVersion = 10.0.40219.1
Project("{8BC9CEB8-8B4A-11D0-8D11-00A0C91BC942}") = "RECT_PROJ", "RECT_PROJ\RECT_PROJ.vcxproj", "{F0DDAD82-DDDE-4BD6-8EE3-22D7E6690A37}"
EndProject
Global
	GlobalSection(SolutionConfigurationPlatforms) = preSolution
		Debug|x64 = Debug|x64
		Debug|x86 = Debug|x86
		Release|x64 = Release|x64
		Release|x86 = Release|x86
	EndGlobalSection
	GlobalSection(ProjectConfigurationPlatforms) = postSolution
		{F0DDAD82-DDDE-4BD6-8EE3-22D7E6690A37}.Debug|x64.ActiveCfg = Debug|x64
		{F0DDAD82-DDDE-4BD6-8EE3-22D7E6690A37}.Debug|x64.Build.0 = Debug|x64
		{F0DDAD82-DDDE-4BD6-8EE3-22D7E6690A37}.Debug|x86.ActiveCfg = Debug|Win32
		{F0DDAD82-DDDE-4BD6-8EE3-22D7E6690A37}.Debug|x86.Build.0 = Debug|Win32
		{F0DDAD82-DDDE-4BD6-8EE3-22D7E6690A37}.Release|x64.ActiveCfg = Release|x64
		{F0DDAD82-DDDE-4BD6-8EE3-22D7E6690A37}.Release|x64.Build.0 = Release|x64
		{F0DDAD82-DDDE-4BD6-8EE3-22D7E6690A37}.Release|x86.ActiveCfg = Release|Win32
		{F0DDAD82-DDDE-4BD6-8EE3-22D7E6690A37}.Release|x86.Build.0 = Release|Win32
	EndGlobalSection
	GlobalSection(SolutionProperties) = preSolution
		HideSolutionNode = FALSE
	EndGlobalSection
	GlobalSection(ExtensibilityGlobals) = postSolution
		SolutionGuid = {17C4155C-CEF3-4C36-A4C3-68CF8576B546}
	EndGlobalSection
EndGlobal
